// !$*UTF8*$!
{
	archiveVersion = 1;
	classes = {
	};
	objectVersion = 50;
	objects = {

/* Begin PBXBuildFile section */
		1FCA66C123C0B48E003012A1 /* AppDelegate.swift in Sources */ = {isa = PBXBuildFile; fileRef = 1FCA66C023C0B48E003012A1 /* AppDelegate.swift */; };
		1FCA66C323C0B48E003012A1 /* SceneDelegate.swift in Sources */ = {isa = PBXBuildFile; fileRef = 1FCA66C223C0B48E003012A1 /* SceneDelegate.swift */; };
		1FCA66C523C0B48E003012A1 /* ViewController.swift in Sources */ = {isa = PBXBuildFile; fileRef = 1FCA66C423C0B48E003012A1 /* ViewController.swift */; };
		1FCA66C823C0B48F003012A1 /* Main.storyboard in Resources */ = {isa = PBXBuildFile; fileRef = 1FCA66C623C0B48F003012A1 /* Main.storyboard */; };
		1FCA66CA23C0B491003012A1 /* Assets.xcassets in Resources */ = {isa = PBXBuildFile; fileRef = 1FCA66C923C0B491003012A1 /* Assets.xcassets */; };
		1FCA66CD23C0B491003012A1 /* LaunchScreen.storyboard in Resources */ = {isa = PBXBuildFile; fileRef = 1FCA66CB23C0B491003012A1 /* LaunchScreen.storyboard */; };
		89C7E3BA088FA87A95123121 /* Pods_RMRsplash.framework in Frameworks */ = {isa = PBXBuildFile; fileRef = 74362D3782E30E17EF3792E7 /* Pods_RMRsplash.framework */; };
/* End PBXBuildFile section */

/* Begin PBXFileReference section */
		1FCA66BD23C0B48E003012A1 /* RMRsplash.app */ = {isa = PBXFileReference; explicitFileType = wrapper.application; includeInIndex = 0; path = RMRsplash.app; sourceTree = BUILT_PRODUCTS_DIR; };
		1FCA66C023C0B48E003012A1 /* AppDelegate.swift */ = {isa = PBXFileReference; lastKnownFileType = sourcecode.swift; path = AppDelegate.swift; sourceTree = "<group>"; };
		1FCA66C223C0B48E003012A1 /* SceneDelegate.swift */ = {isa = PBXFileReference; lastKnownFileType = sourcecode.swift; path = SceneDelegate.swift; sourceTree = "<group>"; };
		1FCA66C423C0B48E003012A1 /* ViewController.swift */ = {isa = PBXFileReference; lastKnownFileType = sourcecode.swift; path = ViewController.swift; sourceTree = "<group>"; };
		1FCA66C723C0B48F003012A1 /* Base */ = {isa = PBXFileReference; lastKnownFileType = file.storyboard; name = Base; path = Base.lproj/Main.storyboard; sourceTree = "<group>"; };
		1FCA66C923C0B491003012A1 /* Assets.xcassets */ = {isa = PBXFileReference; lastKnownFileType = folder.assetcatalog; path = Assets.xcassets; sourceTree = "<group>"; };
		1FCA66CC23C0B491003012A1 /* Base */ = {isa = PBXFileReference; lastKnownFileType = file.storyboard; name = Base; path = Base.lproj/LaunchScreen.storyboard; sourceTree = "<group>"; };
		1FCA66CE23C0B491003012A1 /* Info.plist */ = {isa = PBXFileReference; lastKnownFileType = text.plist.xml; path = Info.plist; sourceTree = "<group>"; };
		25449CA1C0972C4C4506A2F8 /* Pods-RMRsplash.release.xcconfig */ = {isa = PBXFileReference; includeInIndex = 1; lastKnownFileType = text.xcconfig; name = "Pods-RMRsplash.release.xcconfig"; path = "Target Support Files/Pods-RMRsplash/Pods-RMRsplash.release.xcconfig"; sourceTree = "<group>"; };
		6EE711AF62CBF872FD82A2F5 /* Pods-RMRsplash.debug.xcconfig */ = {isa = PBXFileReference; includeInIndex = 1; lastKnownFileType = text.xcconfig; name = "Pods-RMRsplash.debug.xcconfig"; path = "Target Support Files/Pods-RMRsplash/Pods-RMRsplash.debug.xcconfig"; sourceTree = "<group>"; };
		74362D3782E30E17EF3792E7 /* Pods_RMRsplash.framework */ = {isa = PBXFileReference; explicitFileType = wrapper.framework; includeInIndex = 0; path = Pods_RMRsplash.framework; sourceTree = BUILT_PRODUCTS_DIR; };
/* End PBXFileReference section */

/* Begin PBXFrameworksBuildPhase section */
		1FCA66BA23C0B48E003012A1 /* Frameworks */ = {
			isa = PBXFrameworksBuildPhase;
			buildActionMask = 2147483647;
			files = (
				89C7E3BA088FA87A95123121 /* Pods_RMRsplash.framework in Frameworks */,
			);
			runOnlyForDeploymentPostprocessing = 0;
		};
/* End PBXFrameworksBuildPhase section */

/* Begin PBXGroup section */
		1FCA66B423C0B48E003012A1 = {
			isa = PBXGroup;
			children = (
				1FCA66BF23C0B48E003012A1 /* RMRsplash */,
				1FCA66BE23C0B48E003012A1 /* Products */,
				6ECE7584EBD20DAF57EF4EEF /* Pods */,
				282A3E5182097A77F45F44C2 /* Frameworks */,
			);
			sourceTree = "<group>";
		};
		1FCA66BE23C0B48E003012A1 /* Products */ = {
			isa = PBXGroup;
			children = (
				1FCA66BD23C0B48E003012A1 /* RMRsplash.app */,
			);
			name = Products;
			sourceTree = "<group>";
		};
		1FCA66BF23C0B48E003012A1 /* RMRsplash */ = {
			isa = PBXGroup;
			children = (
				1FCA66C023C0B48E003012A1 /* AppDelegate.swift */,
				1FCA66C223C0B48E003012A1 /* SceneDelegate.swift */,
				1FCA66C423C0B48E003012A1 /* ViewController.swift */,
				1FCA66C623C0B48F003012A1 /* Main.storyboard */,
				1FCA66C923C0B491003012A1 /* Assets.xcassets */,
				1FCA66CB23C0B491003012A1 /* LaunchScreen.storyboard */,
				1FCA66CE23C0B491003012A1 /* Info.plist */,
			);
			path = RMRsplash;
			sourceTree = "<group>";
		};
		282A3E5182097A77F45F44C2 /* Frameworks */ = {
			isa = PBXGroup;
			children = (
				74362D3782E30E17EF3792E7 /* Pods_RMRsplash.framework */,
			);
			name = Frameworks;
			sourceTree = "<group>";
		};
		6ECE7584EBD20DAF57EF4EEF /* Pods */ = {
			isa = PBXGroup;
			children = (
				6EE711AF62CBF872FD82A2F5 /* Pods-RMRsplash.debug.xcconfig */,
				25449CA1C0972C4C4506A2F8 /* Pods-RMRsplash.release.xcconfig */,
			);
			name = Pods;
			path = Pods;
			sourceTree = "<group>";
		};
/* End PBXGroup section */

/* Begin PBXNativeTarget section */
		1FCA66BC23C0B48E003012A1 /* RMRsplash */ = {
			isa = PBXNativeTarget;
			buildConfigurationList = 1FCA66D123C0B491003012A1 /* Build configuration list for PBXNativeTarget "RMRsplash" */;
			buildPhases = (
				F19178A009999C163925F06D /* [CP] Check Pods Manifest.lock */,
				1FCA66B923C0B48E003012A1 /* Sources */,
				1FCA66BA23C0B48E003012A1 /* Frameworks */,
				1FCA66BB23C0B48E003012A1 /* Resources */,
				D44D1DFFB88C1F742D3D111A /* [CP] Embed Pods Frameworks */,
			);
			buildRules = (
			);
			dependencies = (
			);
			name = RMRsplash;
			productName = RMRsplash;
			productReference = 1FCA66BD23C0B48E003012A1 /* RMRsplash.app */;
			productType = "com.apple.product-type.application";
		};
/* End PBXNativeTarget section */

/* Begin PBXProject section */
		1FCA66B523C0B48E003012A1 /* Project object */ = {
			isa = PBXProject;
			attributes = {
				LastSwiftUpdateCheck = 1130;
				LastUpgradeCheck = 1130;
				ORGANIZATIONNAME = EvgenyMorozov;
				TargetAttributes = {
					1FCA66BC23C0B48E003012A1 = {
						CreatedOnToolsVersion = 11.3;
					};
				};
			};
			buildConfigurationList = 1FCA66B823C0B48E003012A1 /* Build configuration list for PBXProject "RMRsplash" */;
			compatibilityVersion = "Xcode 9.3";
			developmentRegion = en;
			hasScannedForEncodings = 0;
			knownRegions = (
				en,
				Base,
			);
			mainGroup = 1FCA66B423C0B48E003012A1;
			productRefGroup = 1FCA66BE23C0B48E003012A1 /* Products */;
			projectDirPath = "";
			projectRoot = "";
			targets = (
				1FCA66BC23C0B48E003012A1 /* RMRsplash */,
			);
		};
/* End PBXProject section */

/* Begin PBXResourcesBuildPhase section */
		1FCA66BB23C0B48E003012A1 /* Resources */ = {
			isa = PBXResourcesBuildPhase;
			buildActionMask = 2147483647;
			files = (
				1FCA66CD23C0B491003012A1 /* LaunchScreen.storyboard in Resources */,
				1FCA66CA23C0B491003012A1 /* Assets.xcassets in Resources */,
				1FCA66C823C0B48F003012A1 /* Main.storyboard in Resources */,
			);
			runOnlyForDeploymentPostprocessing = 0;
		};
/* End PBXResourcesBuildPhase section */

/* Begin PBXShellScriptBuildPhase section */
		D44D1DFFB88C1F742D3D111A /* [CP] Embed Pods Frameworks */ = {
			isa = PBXShellScriptBuildPhase;
			buildActionMask = 2147483647;
			files = (
			);
			inputFileListPaths = (
				"${PODS_ROOT}/Target Support Files/Pods-RMRsplash/Pods-RMRsplash-frameworks-${CONFIGURATION}-input-files.xcfilelist",
			);
			name = "[CP] Embed Pods Frameworks";
			outputFileListPaths = (
				"${PODS_ROOT}/Target Support Files/Pods-RMRsplash/Pods-RMRsplash-frameworks-${CONFIGURATION}-output-files.xcfilelist",
			);
			runOnlyForDeploymentPostprocessing = 0;
			shellPath = /bin/sh;
			shellScript = "\"${PODS_ROOT}/Target Support Files/Pods-RMRsplash/Pods-RMRsplash-frameworks.sh\"\n";
			showEnvVarsInLog = 0;
		};
		F19178A009999C163925F06D /* [CP] Check Pods Manifest.lock */ = {
			isa = PBXShellScriptBuildPhase;
			buildActionMask = 2147483647;
			files = (
			);
			inputFileListPaths = (
			);
			inputPaths = (
				"${PODS_PODFILE_DIR_PATH}/Podfile.lock",
				"${PODS_ROOT}/Manifest.lock",
			);
			name = "[CP] Check Pods Manifest.lock";
			outputFileListPaths = (
			);
			outputPaths = (
				"$(DERIVED_FILE_DIR)/Pods-RMRsplash-checkManifestLockResult.txt",
			);
			runOnlyForDeploymentPostprocessing = 0;
			shellPath = /bin/sh;
			shellScript = "diff \"${PODS_PODFILE_DIR_PATH}/Podfile.lock\" \"${PODS_ROOT}/Manifest.lock\" > /dev/null\nif [ $? != 0 ] ; then\n    # print error to STDERR\n    echo \"error: The sandbox is not in sync with the Podfile.lock. Run 'pod install' or update your CocoaPods installation.\" >&2\n    exit 1\nfi\n# This output is used by Xcode 'outputs' to avoid re-running this script phase.\necho \"SUCCESS\" > \"${SCRIPT_OUTPUT_FILE_0}\"\n";
			showEnvVarsInLog = 0;
		};
/* End PBXShellScriptBuildPhase section */

/* Begin PBXSourcesBuildPhase section */
		1FCA66B923C0B48E003012A1 /* Sources */ = {
			isa = PBXSourcesBuildPhase;
			buildActionMask = 2147483647;
			files = (
				1FCA66C523C0B48E003012A1 /* ViewController.swift in Sources */,
				1FCA66C123C0B48E003012A1 /* AppDelegate.swift in Sources */,
				1FCA66C323C0B48E003012A1 /* SceneDelegate.swift in Sources */,
			);
			runOnlyForDeploymentPostprocessing = 0;
		};
/* End PBXSourcesBuildPhase section */

/* Begin PBXVariantGroup section */
		1FCA66C623C0B48F003012A1 /* Main.storyboard */ = {
			isa = PBXVariantGroup;
			children = (
				1FCA66C723C0B48F003012A1 /* Base */,
			);
			name = Main.storyboard;
			sourceTree = "<group>";
		};
		1FCA66CB23C0B491003012A1 /* LaunchScreen.storyboard */ = {
			isa = PBXVariantGroup;
			children = (
				1FCA66CC23C0B491003012A1 /* Base */,
			);
			name = LaunchScreen.storyboard;
			sourceTree = "<group>";
		};
/* End PBXVariantGroup section */

/* Begin XCBuildConfiguration section */
		1FCA66CF23C0B491003012A1 /* Debug */ = {
			isa = XCBuildConfiguration;
			buildSettings = {
				ALWAYS_SEARCH_USER_PATHS = NO;
				CLANG_ANALYZER_NONNULL = YES;
				CLANG_ANALYZER_NUMBER_OBJECT_CONVERSION = YES_AGGRESSIVE;
				CLANG_CXX_LANGUAGE_STANDARD = "gnu++14";
				CLANG_CXX_LIBRARY = "libc++";
				CLANG_ENABLE_MODULES = YES;
				CLANG_ENABLE_OBJC_ARC = YES;
				CLANG_ENABLE_OBJC_WEAK = YES;
				CLANG_WARN_BLOCK_CAPTURE_AUTORELEASING = YES;
				CLANG_WARN_BOOL_CONVERSION = YES;
				CLANG_WARN_COMMA = YES;
				CLANG_WARN_CONSTANT_CONVERSION = YES;
				CLANG_WARN_DEPRECATED_OBJC_IMPLEMENTATIONS = YES;
				CLANG_WARN_DIRECT_OBJC_ISA_USAGE = YES_ERROR;
				CLANG_WARN_DOCUMENTATION_COMMENTS = YES;
				CLANG_WARN_EMPTY_BODY = YES;
				CLANG_WARN_ENUM_CONVERSION = YES;
				CLANG_WARN_INFINITE_RECURSION = YES;
				CLANG_WARN_INT_CONVERSION = YES;
				CLANG_WARN_NON_LITERAL_NULL_CONVERSION = YES;
				CLANG_WARN_OBJC_IMPLICIT_RETAIN_SELF = YES;
				CLANG_WARN_OBJC_LITERAL_CONVERSION = YES;
				CLANG_WARN_OBJC_ROOT_CLASS = YES_ERROR;
				CLANG_WARN_RANGE_LOOP_ANALYSIS = YES;
				CLANG_WARN_STRICT_PROTOTYPES = YES;
				CLANG_WARN_SUSPICIOUS_MOVE = YES;
				CLANG_WARN_UNGUARDED_AVAILABILITY = YES_AGGRESSIVE;
				CLANG_WARN_UNREACHABLE_CODE = YES;
				CLANG_WARN__DUPLICATE_METHOD_MATCH = YES;
				COPY_PHASE_STRIP = NO;
				DEBUG_INFORMATION_FORMAT = dwarf;
				ENABLE_STRICT_OBJC_MSGSEND = YES;
				ENABLE_TESTABILITY = YES;
				GCC_C_LANGUAGE_STANDARD = gnu11;
				GCC_DYNAMIC_NO_PIC = NO;
				GCC_NO_COMMON_BLOCKS = YES;
				GCC_OPTIMIZATION_LEVEL = 0;
				GCC_PREPROCESSOR_DEFINITIONS = (
					"DEBUG=1",
					"$(inherited)",
				);
				GCC_WARN_64_TO_32_BIT_CONVERSION = YES;
				GCC_WARN_ABOUT_RETURN_TYPE = YES_ERROR;
				GCC_WARN_UNDECLARED_SELECTOR = YES;
				GCC_WARN_UNINITIALIZED_AUTOS = YES_AGGRESSIVE;
				GCC_WARN_UNUSED_FUNCTION = YES;
				GCC_WARN_UNUSED_VARIABLE = YES;
				IPHONEOS_DEPLOYMENT_TARGET = 13.2;
				MTL_ENABLE_DEBUG_INFO = INCLUDE_SOURCE;
				MTL_FAST_MATH = YES;
				ONLY_ACTIVE_ARCH = YES;
				SDKROOT = iphoneos;
				SWIFT_ACTIVE_COMPILATION_CONDITIONS = DEBUG;
				SWIFT_OPTIMIZATION_LEVEL = "-Onone";
			};
			name = Debug;
		};
		1FCA66D023C0B491003012A1 /* Release */ = {
			isa = XCBuildConfiguration;
			buildSettings = {
				ALWAYS_SEARCH_USER_PATHS = NO;
				CLANG_ANALYZER_NONNULL = YES;
				CLANG_ANALYZER_NUMBER_OBJECT_CONVERSION = YES_AGGRESSIVE;
				CLANG_CXX_LANGUAGE_STANDARD = "gnu++14";
				CLANG_CXX_LIBRARY = "libc++";
				CLANG_ENABLE_MODULES = YES;
				CLANG_ENABLE_OBJC_ARC = YES;
				CLANG_ENABLE_OBJC_WEAK = YES;
				CLANG_WARN_BLOCK_CAPTURE_AUTORELEASING = YES;
				CLANG_WARN_BOOL_CONVERSION = YES;
				CLANG_WARN_COMMA = YES;
				CLANG_WARN_CONSTANT_CONVERSION = YES;
				CLANG_WARN_DEPRECATED_OBJC_IMPLEMENTATIONS = YES;
				CLANG_WARN_DIRECT_OBJC_ISA_USAGE = YES_ERROR;
				CLANG_WARN_DOCUMENTATION_COMMENTS = YES;
				CLANG_WARN_EMPTY_BODY = YES;
				CLANG_WARN_ENUM_CONVERSION = YES;
				CLANG_WARN_INFINITE_RECURSION = YES;
				CLANG_WARN_INT_CONVERSION = YES;
				CLANG_WARN_NON_LITERAL_NULL_CONVERSION = YES;
				CLANG_WARN_OBJC_IMPLICIT_RETAIN_SELF = YES;
				CLANG_WARN_OBJC_LITERAL_CONVERSION = YES;
				CLANG_WARN_OBJC_ROOT_CLASS = YES_ERROR;
				CLANG_WARN_RANGE_LOOP_ANALYSIS = YES;
				CLANG_WARN_STRICT_PROTOTYPES = YES;
				CLANG_WARN_SUSPICIOUS_MOVE = YES;
				CLANG_WARN_UNGUARDED_AVAILABILITY = YES_AGGRESSIVE;
				CLANG_WARN_UNREACHABLE_CODE = YES;
				CLANG_WARN__DUPLICATE_METHOD_MATCH = YES;
				COPY_PHASE_STRIP = NO;
				DEBUG_INFORMATION_FORMAT = "dwarf-with-dsym";
				ENABLE_NS_ASSERTIONS = NO;
				ENABLE_STRICT_OBJC_MSGSEND = YES;
				GCC_C_LANGUAGE_STANDARD = gnu11;
				GCC_NO_COMMON_BLOCKS = YES;
				GCC_WARN_64_TO_32_BIT_CONVERSION = YES;
				GCC_WARN_ABOUT_RETURN_TYPE = YES_ERROR;
				GCC_WARN_UNDECLARED_SELECTOR = YES;
				GCC_WARN_UNINITIALIZED_AUTOS = YES_AGGRESSIVE;
				GCC_WARN_UNUSED_FUNCTION = YES;
				GCC_WARN_UNUSED_VARIABLE = YES;
				IPHONEOS_DEPLOYMENT_TARGET = 13.2;
				MTL_ENABLE_DEBUG_INFO = NO;
				MTL_FAST_MATH = YES;
				SDKROOT = iphoneos;
				SWIFT_COMPILATION_MODE = wholemodule;
				SWIFT_OPTIMIZATION_LEVEL = "-O";
				VALIDATE_PRODUCT = YES;
			};
			name = Release;
		};
		1FCA66D223C0B491003012A1 /* Debug */ = {
			isa = XCBuildConfiguration;
			baseConfigurationReference = 6EE711AF62CBF872FD82A2F5 /* Pods-RMRsplash.debug.xcconfig */;
			buildSettings = {
				ASSETCATALOG_COMPILER_APPICON_NAME = AppIcon;
				CODE_SIGN_STYLE = Automatic;
				DEVELOPMENT_TEAM = X3VWL59D5S;
				INFOPLIST_FILE = RMRsplash/Info.plist;
				IPHONEOS_DEPLOYMENT_TARGET = 13.0;
				LD_RUNPATH_SEARCH_PATHS = (
					"$(inherited)",
					"@executable_path/Frameworks",
				);
				PRODUCT_BUNDLE_IDENTIFIER = MEM.RMRsplash;
				PRODUCT_NAME = "$(TARGET_NAME)";
				SWIFT_VERSION = 5.0;
				TARGETED_DEVICE_FAMILY = 1;
			};
			name = Debug;
		};
		1FCA66D323C0B491003012A1 /* Release */ = {
			isa = XCBuildConfiguration;
			baseConfigurationReference = 25449CA1C0972C4C4506A2F8 /* Pods-RMRsplash.release.xcconfig */;
			buildSettings = {
				ASSETCATALOG_COMPILER_APPICON_NAME = AppIcon;
				CODE_SIGN_STYLE = Automatic;
				DEVELOPMENT_TEAM = X3VWL59D5S;
				INFOPLIST_FILE = RMRsplash/Info.plist;
				IPHONEOS_DEPLOYMENT_TARGET = 13.0;
				LD_RUNPATH_SEARCH_PATHS = (
					"$(inherited)",
					"@executable_path/Frameworks",
				);
				PRODUCT_BUNDLE_IDENTIFIER = MEM.RMRsplash;
				PRODUCT_NAME = "$(TARGET_NAME)";
				SWIFT_VERSION = 5.0;
				TARGETED_DEVICE_FAMILY = 1;
			};
			name = Release;
		};
/* End XCBuildConfiguration section */

/* Begin XCConfigurationList section */
		1FCA66B823C0B48E003012A1 /* Build configuration list for PBXProject "RMRsplash" */ = {
			isa = XCConfigurationList;
			buildConfigurations = (
				1FCA66CF23C0B491003012A1 /* Debug */,
				1FCA66D023C0B491003012A1 /* Release */,
			);
			defaultConfigurationIsVisible = 0;
			defaultConfigurationName = Release;
		};
		1FCA66D123C0B491003012A1 /* Build configuration list for PBXNativeTarget "RMRsplash" */ = {
			isa = XCConfigurationList;
			buildConfigurations = (
				1FCA66D223C0B491003012A1 /* Debug */,
				1FCA66D323C0B491003012A1 /* Release */,
			);
			defaultConfigurationIsVisible = 0;
			defaultConfigurationName = Release;
		};
/* End XCConfigurationList section */
	};
	rootObject = 1FCA66B523C0B48E003012A1 /* Project object */;
}
